// !$*UTF8*$!
{
	archiveVersion = 1;
	classes = {
	};
	objectVersion = 56;
	objects = {

/* Begin PBXBuildFile section */
		B81891982BB4050B00A3C366 /* HomeView.swift in Sources */ = {isa = PBXBuildFile; fileRef = B81891972BB4050B00A3C366 /* HomeView.swift */; };
		B818919A2BB4051B00A3C366 /* HomeViewController.swift in Sources */ = {isa = PBXBuildFile; fileRef = B81891992BB4051B00A3C366 /* HomeViewController.swift */; };
		B890685F2B95CB8B00DEECBD /* AppDelegate.swift in Sources */ = {isa = PBXBuildFile; fileRef = B890685E2B95CB8B00DEECBD /* AppDelegate.swift */; };
		B89068682B95CB8E00DEECBD /* Assets.xcassets in Resources */ = {isa = PBXBuildFile; fileRef = B89068672B95CB8E00DEECBD /* Assets.xcassets */; };
		B890686B2B95CB8E00DEECBD /* LaunchScreen.storyboard in Resources */ = {isa = PBXBuildFile; fileRef = B89068692B95CB8E00DEECBD /* LaunchScreen.storyboard */; };
		B89068732B95CC4E00DEECBD /* LoginViewController.swift in Sources */ = {isa = PBXBuildFile; fileRef = B89068722B95CC4E00DEECBD /* LoginViewController.swift */; };
		B89068782B95CD0100DEECBD /* LoginView.swift in Sources */ = {isa = PBXBuildFile; fileRef = B89068772B95CD0100DEECBD /* LoginView.swift */; };
		B89068822B99DE8600DEECBD /* RegisterViewController.swift in Sources */ = {isa = PBXBuildFile; fileRef = B89068812B99DE8600DEECBD /* RegisterViewController.swift */; };
		B89068842B99DEA800DEECBD /* RegisterView.swift in Sources */ = {isa = PBXBuildFile; fileRef = B89068832B99DEA800DEECBD /* RegisterView.swift */; };
		B89068872B99DF7A00DEECBD /* User.swift in Sources */ = {isa = PBXBuildFile; fileRef = B89068862B99DF7A00DEECBD /* User.swift */; };
		B890688A2B99E01B00DEECBD /* DataManager.swift in Sources */ = {isa = PBXBuildFile; fileRef = B89068892B99E01B00DEECBD /* DataManager.swift */; };
		B890688D2B99E38400DEECBD /* PrimaryTextField.swift in Sources */ = {isa = PBXBuildFile; fileRef = B890688C2B99E38300DEECBD /* PrimaryTextField.swift */; };
		B89068902B99E4A300DEECBD /* UIColor.swift in Sources */ = {isa = PBXBuildFile; fileRef = B890688F2B99E4A300DEECBD /* UIColor.swift */; };
		B890689B2B99E70600DEECBD /* MPLUS1p-ExtraBold.ttf in Resources */ = {isa = PBXBuildFile; fileRef = B89068932B99E70600DEECBD /* MPLUS1p-ExtraBold.ttf */; };
		B890689C2B99E70600DEECBD /* MPLUS1p-Light.ttf in Resources */ = {isa = PBXBuildFile; fileRef = B89068942B99E70600DEECBD /* MPLUS1p-Light.ttf */; };
		B890689D2B99E70600DEECBD /* MPLUS1p-Thin.ttf in Resources */ = {isa = PBXBuildFile; fileRef = B89068952B99E70600DEECBD /* MPLUS1p-Thin.ttf */; };
		B890689E2B99E70600DEECBD /* MPLUS1p-Bold.ttf in Resources */ = {isa = PBXBuildFile; fileRef = B89068962B99E70600DEECBD /* MPLUS1p-Bold.ttf */; };
		B890689F2B99E70600DEECBD /* MPLUS1p-Black.ttf in Resources */ = {isa = PBXBuildFile; fileRef = B89068972B99E70600DEECBD /* MPLUS1p-Black.ttf */; };
		B89068A02B99E70600DEECBD /* MPLUS1p-Medium.ttf in Resources */ = {isa = PBXBuildFile; fileRef = B89068982B99E70600DEECBD /* MPLUS1p-Medium.ttf */; };
		B89068A12B99E70600DEECBD /* OFL.txt in Resources */ = {isa = PBXBuildFile; fileRef = B89068992B99E70600DEECBD /* OFL.txt */; };
		B89068A22B99E70600DEECBD /* MPLUS1p-Regular.ttf in Resources */ = {isa = PBXBuildFile; fileRef = B890689A2B99E70600DEECBD /* MPLUS1p-Regular.ttf */; };
		B89068A42B99E71D00DEECBD /* UIFont.swift in Sources */ = {isa = PBXBuildFile; fileRef = B89068A32B99E71D00DEECBD /* UIFont.swift */; };
		B89068A62B9DC51C00DEECBD /* PrimaryButton.swift in Sources */ = {isa = PBXBuildFile; fileRef = B89068A52B9DC51C00DEECBD /* PrimaryButton.swift */; };
		B89068A82B9DC87C00DEECBD /* SecondaryButton.swift in Sources */ = {isa = PBXBuildFile; fileRef = B89068A72B9DC87C00DEECBD /* SecondaryButton.swift */; };
		B89068AE2B9DD2B100DEECBD /* AppCoordinator.swift in Sources */ = {isa = PBXBuildFile; fileRef = B89068AD2B9DD2B100DEECBD /* AppCoordinator.swift */; };
		B89068B02B9DE49700DEECBD /* LargeTitle.swift in Sources */ = {isa = PBXBuildFile; fileRef = B89068AF2B9DE49700DEECBD /* LargeTitle.swift */; };
		B8A47FFA2BE6234900FF8DF0 /* GoogleService-Info.plist in Resources */ = {isa = PBXBuildFile; fileRef = B8A47FF92BE6234900FF8DF0 /* GoogleService-Info.plist */; };
		B8A47FFD2BE6254A00FF8DF0 /* FirebaseAnalytics in Frameworks */ = {isa = PBXBuildFile; productRef = B8A47FFC2BE6254A00FF8DF0 /* FirebaseAnalytics */; };
		B8A47FFF2BE6254A00FF8DF0 /* FirebaseAnalyticsOnDeviceConversion in Frameworks */ = {isa = PBXBuildFile; productRef = B8A47FFE2BE6254A00FF8DF0 /* FirebaseAnalyticsOnDeviceConversion */; };
		B8A480012BE6254A00FF8DF0 /* FirebaseAnalyticsSwift in Frameworks */ = {isa = PBXBuildFile; productRef = B8A480002BE6254A00FF8DF0 /* FirebaseAnalyticsSwift */; };
		B8A480032BE6254A00FF8DF0 /* FirebaseAnalyticsWithoutAdIdSupport in Frameworks */ = {isa = PBXBuildFile; productRef = B8A480022BE6254A00FF8DF0 /* FirebaseAnalyticsWithoutAdIdSupport */; };
		B8A480052BE6254A00FF8DF0 /* FirebaseAppCheck in Frameworks */ = {isa = PBXBuildFile; productRef = B8A480042BE6254A00FF8DF0 /* FirebaseAppCheck */; };
		B8A480092BE63C4D00FF8DF0 /* FirebaseAnalytics in Frameworks */ = {isa = PBXBuildFile; productRef = B8A480082BE63C4D00FF8DF0 /* FirebaseAnalytics */; };
		B8A4800B2BE63C4D00FF8DF0 /* FirebaseAnalyticsOnDeviceConversion in Frameworks */ = {isa = PBXBuildFile; productRef = B8A4800A2BE63C4D00FF8DF0 /* FirebaseAnalyticsOnDeviceConversion */; };
		B8A4800D2BE63C4D00FF8DF0 /* FirebaseAnalyticsSwift in Frameworks */ = {isa = PBXBuildFile; productRef = B8A4800C2BE63C4D00FF8DF0 /* FirebaseAnalyticsSwift */; };
		B8A4800F2BE63C4D00FF8DF0 /* FirebaseAnalyticsWithoutAdIdSupport in Frameworks */ = {isa = PBXBuildFile; productRef = B8A4800E2BE63C4D00FF8DF0 /* FirebaseAnalyticsWithoutAdIdSupport */; };
		B8A480112BE63C4D00FF8DF0 /* FirebaseAppCheck in Frameworks */ = {isa = PBXBuildFile; productRef = B8A480102BE63C4D00FF8DF0 /* FirebaseAppCheck */; };
		B8A480132BE63C4D00FF8DF0 /* FirebaseAppDistribution-Beta in Frameworks */ = {isa = PBXBuildFile; productRef = B8A480122BE63C4D00FF8DF0 /* FirebaseAppDistribution-Beta */; };
		B8A480152BE63C4D00FF8DF0 /* FirebaseAuth in Frameworks */ = {isa = PBXBuildFile; productRef = B8A480142BE63C4D00FF8DF0 /* FirebaseAuth */; };
		B8A480172BE63C4D00FF8DF0 /* FirebaseAuthCombine-Community in Frameworks */ = {isa = PBXBuildFile; productRef = B8A480162BE63C4D00FF8DF0 /* FirebaseAuthCombine-Community */; };
		B8A480192BE63C4D00FF8DF0 /* FirebaseCrashlytics in Frameworks */ = {isa = PBXBuildFile; productRef = B8A480182BE63C4D00FF8DF0 /* FirebaseCrashlytics */; };
		B8A4801B2BE63C4D00FF8DF0 /* FirebaseDatabase in Frameworks */ = {isa = PBXBuildFile; productRef = B8A4801A2BE63C4D00FF8DF0 /* FirebaseDatabase */; };
		B8A4801D2BE63C4D00FF8DF0 /* FirebaseDatabaseSwift in Frameworks */ = {isa = PBXBuildFile; productRef = B8A4801C2BE63C4D00FF8DF0 /* FirebaseDatabaseSwift */; };
		B8A4801F2BE63C4D00FF8DF0 /* FirebaseDynamicLinks in Frameworks */ = {isa = PBXBuildFile; productRef = B8A4801E2BE63C4D00FF8DF0 /* FirebaseDynamicLinks */; };
		B8A480212BE63C4D00FF8DF0 /* FirebaseFirestore in Frameworks */ = {isa = PBXBuildFile; productRef = B8A480202BE63C4D00FF8DF0 /* FirebaseFirestore */; };
		B8A480232BE63C4D00FF8DF0 /* FirebaseFirestoreCombine-Community in Frameworks */ = {isa = PBXBuildFile; productRef = B8A480222BE63C4D00FF8DF0 /* FirebaseFirestoreCombine-Community */; };
		B8A480252BE63C4D00FF8DF0 /* FirebaseFirestoreSwift in Frameworks */ = {isa = PBXBuildFile; productRef = B8A480242BE63C4D00FF8DF0 /* FirebaseFirestoreSwift */; };
		B8A480272BE63C4D00FF8DF0 /* FirebaseFunctions in Frameworks */ = {isa = PBXBuildFile; productRef = B8A480262BE63C4D00FF8DF0 /* FirebaseFunctions */; };
		B8A480292BE63C4D00FF8DF0 /* FirebaseFunctionsCombine-Community in Frameworks */ = {isa = PBXBuildFile; productRef = B8A480282BE63C4D00FF8DF0 /* FirebaseFunctionsCombine-Community */; };
		B8A4802F2BE656BD00FF8DF0 /* register-screenshot-iphone15.png in Resources */ = {isa = PBXBuildFile; fileRef = B8A4802C2BE656BD00FF8DF0 /* register-screenshot-iphone15.png */; };
		B8A480302BE656BD00FF8DF0 /* home-screenshot-iphone15.png in Resources */ = {isa = PBXBuildFile; fileRef = B8A4802D2BE656BD00FF8DF0 /* home-screenshot-iphone15.png */; };
		B8A480322BE656F300FF8DF0 /* login-screenshot-iphone15.png in Resources */ = {isa = PBXBuildFile; fileRef = B8A480312BE656F300FF8DF0 /* login-screenshot-iphone15.png */; };
/* End PBXBuildFile section */

/* Begin PBXFileReference section */
		B81891972BB4050B00A3C366 /* HomeView.swift */ = {isa = PBXFileReference; lastKnownFileType = sourcecode.swift; path = HomeView.swift; sourceTree = "<group>"; };
		B81891992BB4051B00A3C366 /* HomeViewController.swift */ = {isa = PBXFileReference; lastKnownFileType = sourcecode.swift; path = HomeViewController.swift; sourceTree = "<group>"; };
		B890685B2B95CB8B00DEECBD /* LorbyAuthApp.app */ = {isa = PBXFileReference; explicitFileType = wrapper.application; includeInIndex = 0; path = LorbyAuthApp.app; sourceTree = BUILT_PRODUCTS_DIR; };
		B890685E2B95CB8B00DEECBD /* AppDelegate.swift */ = {isa = PBXFileReference; lastKnownFileType = sourcecode.swift; path = AppDelegate.swift; sourceTree = "<group>"; };
		B89068672B95CB8E00DEECBD /* Assets.xcassets */ = {isa = PBXFileReference; lastKnownFileType = folder.assetcatalog; path = Assets.xcassets; sourceTree = "<group>"; };
		B890686A2B95CB8E00DEECBD /* Base */ = {isa = PBXFileReference; lastKnownFileType = file.storyboard; name = Base; path = Base.lproj/LaunchScreen.storyboard; sourceTree = "<group>"; };
		B890686C2B95CB8E00DEECBD /* Info.plist */ = {isa = PBXFileReference; lastKnownFileType = text.plist.xml; path = Info.plist; sourceTree = "<group>"; };
		B89068722B95CC4E00DEECBD /* LoginViewController.swift */ = {isa = PBXFileReference; lastKnownFileType = sourcecode.swift; path = LoginViewController.swift; sourceTree = "<group>"; };
		B89068772B95CD0100DEECBD /* LoginView.swift */ = {isa = PBXFileReference; lastKnownFileType = sourcecode.swift; path = LoginView.swift; sourceTree = "<group>"; };
		B89068812B99DE8600DEECBD /* RegisterViewController.swift */ = {isa = PBXFileReference; lastKnownFileType = sourcecode.swift; path = RegisterViewController.swift; sourceTree = "<group>"; };
		B89068832B99DEA800DEECBD /* RegisterView.swift */ = {isa = PBXFileReference; lastKnownFileType = sourcecode.swift; path = RegisterView.swift; sourceTree = "<group>"; };
		B89068862B99DF7A00DEECBD /* User.swift */ = {isa = PBXFileReference; lastKnownFileType = sourcecode.swift; path = User.swift; sourceTree = "<group>"; };
		B89068892B99E01B00DEECBD /* DataManager.swift */ = {isa = PBXFileReference; lastKnownFileType = sourcecode.swift; path = DataManager.swift; sourceTree = "<group>"; };
		B890688C2B99E38300DEECBD /* PrimaryTextField.swift */ = {isa = PBXFileReference; lastKnownFileType = sourcecode.swift; path = PrimaryTextField.swift; sourceTree = "<group>"; };
		B890688F2B99E4A300DEECBD /* UIColor.swift */ = {isa = PBXFileReference; lastKnownFileType = sourcecode.swift; path = UIColor.swift; sourceTree = "<group>"; };
		B89068932B99E70600DEECBD /* MPLUS1p-ExtraBold.ttf */ = {isa = PBXFileReference; lastKnownFileType = file; path = "MPLUS1p-ExtraBold.ttf"; sourceTree = "<group>"; };
		B89068942B99E70600DEECBD /* MPLUS1p-Light.ttf */ = {isa = PBXFileReference; lastKnownFileType = file; path = "MPLUS1p-Light.ttf"; sourceTree = "<group>"; };
		B89068952B99E70600DEECBD /* MPLUS1p-Thin.ttf */ = {isa = PBXFileReference; lastKnownFileType = file; path = "MPLUS1p-Thin.ttf"; sourceTree = "<group>"; };
		B89068962B99E70600DEECBD /* MPLUS1p-Bold.ttf */ = {isa = PBXFileReference; lastKnownFileType = file; path = "MPLUS1p-Bold.ttf"; sourceTree = "<group>"; };
		B89068972B99E70600DEECBD /* MPLUS1p-Black.ttf */ = {isa = PBXFileReference; lastKnownFileType = file; path = "MPLUS1p-Black.ttf"; sourceTree = "<group>"; };
		B89068982B99E70600DEECBD /* MPLUS1p-Medium.ttf */ = {isa = PBXFileReference; lastKnownFileType = file; path = "MPLUS1p-Medium.ttf"; sourceTree = "<group>"; };
		B89068992B99E70600DEECBD /* OFL.txt */ = {isa = PBXFileReference; fileEncoding = 4; lastKnownFileType = text; path = OFL.txt; sourceTree = "<group>"; };
		B890689A2B99E70600DEECBD /* MPLUS1p-Regular.ttf */ = {isa = PBXFileReference; lastKnownFileType = file; path = "MPLUS1p-Regular.ttf"; sourceTree = "<group>"; };
		B89068A32B99E71D00DEECBD /* UIFont.swift */ = {isa = PBXFileReference; lastKnownFileType = sourcecode.swift; path = UIFont.swift; sourceTree = "<group>"; };
		B89068A52B9DC51C00DEECBD /* PrimaryButton.swift */ = {isa = PBXFileReference; lastKnownFileType = sourcecode.swift; path = PrimaryButton.swift; sourceTree = "<group>"; };
		B89068A72B9DC87C00DEECBD /* SecondaryButton.swift */ = {isa = PBXFileReference; lastKnownFileType = sourcecode.swift; path = SecondaryButton.swift; sourceTree = "<group>"; };
		B89068AD2B9DD2B100DEECBD /* AppCoordinator.swift */ = {isa = PBXFileReference; lastKnownFileType = sourcecode.swift; path = AppCoordinator.swift; sourceTree = "<group>"; };
		B89068AF2B9DE49700DEECBD /* LargeTitle.swift */ = {isa = PBXFileReference; lastKnownFileType = sourcecode.swift; path = LargeTitle.swift; sourceTree = "<group>"; };
		B8A47FF92BE6234900FF8DF0 /* GoogleService-Info.plist */ = {isa = PBXFileReference; fileEncoding = 4; lastKnownFileType = text.plist.xml; path = "GoogleService-Info.plist"; sourceTree = "<group>"; };
		B8A4802C2BE656BD00FF8DF0 /* register-screenshot-iphone15.png */ = {isa = PBXFileReference; lastKnownFileType = image.png; path = "register-screenshot-iphone15.png"; sourceTree = "<group>"; };
		B8A4802D2BE656BD00FF8DF0 /* home-screenshot-iphone15.png */ = {isa = PBXFileReference; lastKnownFileType = image.png; path = "home-screenshot-iphone15.png"; sourceTree = "<group>"; };
		B8A480312BE656F300FF8DF0 /* login-screenshot-iphone15.png */ = {isa = PBXFileReference; lastKnownFileType = image.png; path = "login-screenshot-iphone15.png"; sourceTree = "<group>"; };
/* End PBXFileReference section */

/* Begin PBXFrameworksBuildPhase section */
		B89068582B95CB8B00DEECBD /* Frameworks */ = {
			isa = PBXFrameworksBuildPhase;
			buildActionMask = 2147483647;
			files = (
				B8A480232BE63C4D00FF8DF0 /* FirebaseFirestoreCombine-Community in Frameworks */,
				B8A4801B2BE63C4D00FF8DF0 /* FirebaseDatabase in Frameworks */,
				B8A480012BE6254A00FF8DF0 /* FirebaseAnalyticsSwift in Frameworks */,
				B8A47FFD2BE6254A00FF8DF0 /* FirebaseAnalytics in Frameworks */,
				B8A480092BE63C4D00FF8DF0 /* FirebaseAnalytics in Frameworks */,
				B8A480192BE63C4D00FF8DF0 /* FirebaseCrashlytics in Frameworks */,
				B8A480212BE63C4D00FF8DF0 /* FirebaseFirestore in Frameworks */,
				B8A4801F2BE63C4D00FF8DF0 /* FirebaseDynamicLinks in Frameworks */,
				B8A4800B2BE63C4D00FF8DF0 /* FirebaseAnalyticsOnDeviceConversion in Frameworks */,
				B8A480292BE63C4D00FF8DF0 /* FirebaseFunctionsCombine-Community in Frameworks */,
				B8A480172BE63C4D00FF8DF0 /* FirebaseAuthCombine-Community in Frameworks */,
				B8A4800D2BE63C4D00FF8DF0 /* FirebaseAnalyticsSwift in Frameworks */,
				B8A4801D2BE63C4D00FF8DF0 /* FirebaseDatabaseSwift in Frameworks */,
				B8A47FFF2BE6254A00FF8DF0 /* FirebaseAnalyticsOnDeviceConversion in Frameworks */,
				B8A480052BE6254A00FF8DF0 /* FirebaseAppCheck in Frameworks */,
				B8A480152BE63C4D00FF8DF0 /* FirebaseAuth in Frameworks */,
				B8A480272BE63C4D00FF8DF0 /* FirebaseFunctions in Frameworks */,
				B8A480252BE63C4D00FF8DF0 /* FirebaseFirestoreSwift in Frameworks */,
				B8A4800F2BE63C4D00FF8DF0 /* FirebaseAnalyticsWithoutAdIdSupport in Frameworks */,
				B8A480112BE63C4D00FF8DF0 /* FirebaseAppCheck in Frameworks */,
				B8A480132BE63C4D00FF8DF0 /* FirebaseAppDistribution-Beta in Frameworks */,
				B8A480032BE6254A00FF8DF0 /* FirebaseAnalyticsWithoutAdIdSupport in Frameworks */,
			);
			runOnlyForDeploymentPostprocessing = 0;
		};
/* End PBXFrameworksBuildPhase section */

/* Begin PBXGroup section */
		B81891962BB404E200A3C366 /* Home */ = {
			isa = PBXGroup;
			children = (
				B81891992BB4051B00A3C366 /* HomeViewController.swift */,
				B81891972BB4050B00A3C366 /* HomeView.swift */,
			);
			path = Home;
			sourceTree = "<group>";
		};
		B89068522B95CB8B00DEECBD = {
			isa = PBXGroup;
			children = (
				B890685D2B95CB8B00DEECBD /* LorbyAuthApp */,
				B890685C2B95CB8B00DEECBD /* Products */,
			);
			sourceTree = "<group>";
		};
		B890685C2B95CB8B00DEECBD /* Products */ = {
			isa = PBXGroup;
			children = (
				B890685B2B95CB8B00DEECBD /* LorbyAuthApp.app */,
			);
			name = Products;
			sourceTree = "<group>";
		};
		B890685D2B95CB8B00DEECBD /* LorbyAuthApp */ = {
			isa = PBXGroup;
			children = (
				B890687C2B95D6C800DEECBD /* Common */,
				B890687D2B95D6CE00DEECBD /* Core */,
				B890687F2B95D6F400DEECBD /* Login */,
				B89068802B99DE6700DEECBD /* Register */,
				B81891962BB404E200A3C366 /* Home */,
				B890687B2B95CFAD00DEECBD /* Resources */,
				B89068AD2B9DD2B100DEECBD /* AppCoordinator.swift */,
				B890685E2B95CB8B00DEECBD /* AppDelegate.swift */,
				B89068692B95CB8E00DEECBD /* LaunchScreen.storyboard */,
				B890686C2B95CB8E00DEECBD /* Info.plist */,
				B8A47FF92BE6234900FF8DF0 /* GoogleService-Info.plist */,
			);
			path = LorbyAuthApp;
			sourceTree = "<group>";
		};
		B890687B2B95CFAD00DEECBD /* Resources */ = {
			isa = PBXGroup;
			children = (
				B8A4802A2BE6565300FF8DF0 /* Screenshots */,
				B89068672B95CB8E00DEECBD /* Assets.xcassets */,
			);
			path = Resources;
			sourceTree = "<group>";
		};
		B890687C2B95D6C800DEECBD /* Common */ = {
			isa = PBXGroup;
			children = (
				B890688B2B99E35400DEECBD /* CustomViews */,
				B89068912B99E6BE00DEECBD /* Fonts */,
				B890688E2B99E48A00DEECBD /* Extensions */,
			);
			path = Common;
			sourceTree = "<group>";
		};
		B890687D2B95D6CE00DEECBD /* Core */ = {
			isa = PBXGroup;
			children = (
				B89068852B99DED300DEECBD /* Models */,
				B89068882B99DF8400DEECBD /* Networking */,
			);
			path = Core;
			sourceTree = "<group>";
		};
		B890687F2B95D6F400DEECBD /* Login */ = {
			isa = PBXGroup;
			children = (
				B89068722B95CC4E00DEECBD /* LoginViewController.swift */,
				B89068772B95CD0100DEECBD /* LoginView.swift */,
			);
			path = Login;
			sourceTree = "<group>";
		};
		B89068802B99DE6700DEECBD /* Register */ = {
			isa = PBXGroup;
			children = (
				B89068812B99DE8600DEECBD /* RegisterViewController.swift */,
				B89068832B99DEA800DEECBD /* RegisterView.swift */,
			);
			path = Register;
			sourceTree = "<group>";
		};
		B89068852B99DED300DEECBD /* Models */ = {
			isa = PBXGroup;
			children = (
				B89068862B99DF7A00DEECBD /* User.swift */,
			);
			path = Models;
			sourceTree = "<group>";
		};
		B89068882B99DF8400DEECBD /* Networking */ = {
			isa = PBXGroup;
			children = (
				B89068892B99E01B00DEECBD /* DataManager.swift */,
			);
			path = Networking;
			sourceTree = "<group>";
		};
		B890688B2B99E35400DEECBD /* CustomViews */ = {
			isa = PBXGroup;
			children = (
				B890688C2B99E38300DEECBD /* PrimaryTextField.swift */,
				B89068A52B9DC51C00DEECBD /* PrimaryButton.swift */,
				B89068A72B9DC87C00DEECBD /* SecondaryButton.swift */,
				B89068AF2B9DE49700DEECBD /* LargeTitle.swift */,
			);
			path = CustomViews;
			sourceTree = "<group>";
		};
		B890688E2B99E48A00DEECBD /* Extensions */ = {
			isa = PBXGroup;
			children = (
				B890688F2B99E4A300DEECBD /* UIColor.swift */,
				B89068A32B99E71D00DEECBD /* UIFont.swift */,
			);
			path = Extensions;
			sourceTree = "<group>";
		};
		B89068912B99E6BE00DEECBD /* Fonts */ = {
			isa = PBXGroup;
			children = (
				B89068922B99E70600DEECBD /* Mplus1p */,
			);
			path = Fonts;
			sourceTree = "<group>";
		};
		B89068922B99E70600DEECBD /* Mplus1p */ = {
			isa = PBXGroup;
			children = (
				B89068932B99E70600DEECBD /* MPLUS1p-ExtraBold.ttf */,
				B89068942B99E70600DEECBD /* MPLUS1p-Light.ttf */,
				B89068952B99E70600DEECBD /* MPLUS1p-Thin.ttf */,
				B89068962B99E70600DEECBD /* MPLUS1p-Bold.ttf */,
				B89068972B99E70600DEECBD /* MPLUS1p-Black.ttf */,
				B89068982B99E70600DEECBD /* MPLUS1p-Medium.ttf */,
				B89068992B99E70600DEECBD /* OFL.txt */,
				B890689A2B99E70600DEECBD /* MPLUS1p-Regular.ttf */,
			);
			path = Mplus1p;
			sourceTree = "<group>";
		};
		B8A4802A2BE6565300FF8DF0 /* Screenshots */ = {
			isa = PBXGroup;
			children = (
				B8A4802D2BE656BD00FF8DF0 /* home-screenshot-iphone15.png */,
				B8A480312BE656F300FF8DF0 /* login-screenshot-iphone15.png */,
				B8A4802C2BE656BD00FF8DF0 /* register-screenshot-iphone15.png */,
			);
			path = Screenshots;
			sourceTree = "<group>";
		};
/* End PBXGroup section */

/* Begin PBXNativeTarget section */
		B890685A2B95CB8B00DEECBD /* LorbyAuthApp */ = {
			isa = PBXNativeTarget;
			buildConfigurationList = B890686F2B95CB8E00DEECBD /* Build configuration list for PBXNativeTarget "LorbyAuthApp" */;
			buildPhases = (
				B89068572B95CB8B00DEECBD /* Sources */,
				B89068582B95CB8B00DEECBD /* Frameworks */,
				B89068592B95CB8B00DEECBD /* Resources */,
			);
			buildRules = (
			);
			dependencies = (
			);
			name = LorbyAuthApp;
			packageProductDependencies = (
				B8A47FFC2BE6254A00FF8DF0 /* FirebaseAnalytics */,
				B8A47FFE2BE6254A00FF8DF0 /* FirebaseAnalyticsOnDeviceConversion */,
				B8A480002BE6254A00FF8DF0 /* FirebaseAnalyticsSwift */,
				B8A480022BE6254A00FF8DF0 /* FirebaseAnalyticsWithoutAdIdSupport */,
				B8A480042BE6254A00FF8DF0 /* FirebaseAppCheck */,
				B8A480082BE63C4D00FF8DF0 /* FirebaseAnalytics */,
				B8A4800A2BE63C4D00FF8DF0 /* FirebaseAnalyticsOnDeviceConversion */,
				B8A4800C2BE63C4D00FF8DF0 /* FirebaseAnalyticsSwift */,
				B8A4800E2BE63C4D00FF8DF0 /* FirebaseAnalyticsWithoutAdIdSupport */,
				B8A480102BE63C4D00FF8DF0 /* FirebaseAppCheck */,
				B8A480122BE63C4D00FF8DF0 /* FirebaseAppDistribution-Beta */,
				B8A480142BE63C4D00FF8DF0 /* FirebaseAuth */,
				B8A480162BE63C4D00FF8DF0 /* FirebaseAuthCombine-Community */,
				B8A480182BE63C4D00FF8DF0 /* FirebaseCrashlytics */,
				B8A4801A2BE63C4D00FF8DF0 /* FirebaseDatabase */,
				B8A4801C2BE63C4D00FF8DF0 /* FirebaseDatabaseSwift */,
				B8A4801E2BE63C4D00FF8DF0 /* FirebaseDynamicLinks */,
				B8A480202BE63C4D00FF8DF0 /* FirebaseFirestore */,
				B8A480222BE63C4D00FF8DF0 /* FirebaseFirestoreCombine-Community */,
				B8A480242BE63C4D00FF8DF0 /* FirebaseFirestoreSwift */,
				B8A480262BE63C4D00FF8DF0 /* FirebaseFunctions */,
				B8A480282BE63C4D00FF8DF0 /* FirebaseFunctionsCombine-Community */,
			);
			productName = LorbyAuthApp;
			productReference = B890685B2B95CB8B00DEECBD /* LorbyAuthApp.app */;
			productType = "com.apple.product-type.application";
		};
/* End PBXNativeTarget section */

/* Begin PBXProject section */
		B89068532B95CB8B00DEECBD /* Project object */ = {
			isa = PBXProject;
			attributes = {
				BuildIndependentTargetsInParallel = 1;
				LastSwiftUpdateCheck = 1520;
				LastUpgradeCheck = 1520;
				TargetAttributes = {
					B890685A2B95CB8B00DEECBD = {
						CreatedOnToolsVersion = 15.2;
					};
				};
			};
			buildConfigurationList = B89068562B95CB8B00DEECBD /* Build configuration list for PBXProject "LorbyAuthApp" */;
			compatibilityVersion = "Xcode 14.0";
			developmentRegion = en;
			hasScannedForEncodings = 0;
			knownRegions = (
				en,
				Base,
			);
			mainGroup = B89068522B95CB8B00DEECBD;
			packageReferences = (
				B8A47FFB2BE6254A00FF8DF0 /* XCRemoteSwiftPackageReference "firebase-ios-sdk" */,
			);
			productRefGroup = B890685C2B95CB8B00DEECBD /* Products */;
			projectDirPath = "";
			projectRoot = "";
			targets = (
				B890685A2B95CB8B00DEECBD /* LorbyAuthApp */,
			);
		};
/* End PBXProject section */

/* Begin PBXResourcesBuildPhase section */
		B89068592B95CB8B00DEECBD /* Resources */ = {
			isa = PBXResourcesBuildPhase;
			buildActionMask = 2147483647;
			files = (
				B890689C2B99E70600DEECBD /* MPLUS1p-Light.ttf in Resources */,
				B8A480302BE656BD00FF8DF0 /* home-screenshot-iphone15.png in Resources */,
				B8A480322BE656F300FF8DF0 /* login-screenshot-iphone15.png in Resources */,
				B8A4802F2BE656BD00FF8DF0 /* register-screenshot-iphone15.png in Resources */,
				B890686B2B95CB8E00DEECBD /* LaunchScreen.storyboard in Resources */,
				B890689E2B99E70600DEECBD /* MPLUS1p-Bold.ttf in Resources */,
				B89068A12B99E70600DEECBD /* OFL.txt in Resources */,
				B89068A22B99E70600DEECBD /* MPLUS1p-Regular.ttf in Resources */,
				B890689B2B99E70600DEECBD /* MPLUS1p-ExtraBold.ttf in Resources */,
				B890689F2B99E70600DEECBD /* MPLUS1p-Black.ttf in Resources */,
				B890689D2B99E70600DEECBD /* MPLUS1p-Thin.ttf in Resources */,
				B8A47FFA2BE6234900FF8DF0 /* GoogleService-Info.plist in Resources */,
				B89068A02B99E70600DEECBD /* MPLUS1p-Medium.ttf in Resources */,
				B89068682B95CB8E00DEECBD /* Assets.xcassets in Resources */,
			);
			runOnlyForDeploymentPostprocessing = 0;
		};
/* End PBXResourcesBuildPhase section */

/* Begin PBXSourcesBuildPhase section */
		B89068572B95CB8B00DEECBD /* Sources */ = {
			isa = PBXSourcesBuildPhase;
			buildActionMask = 2147483647;
			files = (
				B89068A82B9DC87C00DEECBD /* SecondaryButton.swift in Sources */,
				B89068732B95CC4E00DEECBD /* LoginViewController.swift in Sources */,
				B89068B02B9DE49700DEECBD /* LargeTitle.swift in Sources */,
				B81891982BB4050B00A3C366 /* HomeView.swift in Sources */,
				B89068AE2B9DD2B100DEECBD /* AppCoordinator.swift in Sources */,
				B89068A62B9DC51C00DEECBD /* PrimaryButton.swift in Sources */,
				B89068842B99DEA800DEECBD /* RegisterView.swift in Sources */,
				B89068872B99DF7A00DEECBD /* User.swift in Sources */,
				B890688A2B99E01B00DEECBD /* DataManager.swift in Sources */,
				B89068902B99E4A300DEECBD /* UIColor.swift in Sources */,
				B89068782B95CD0100DEECBD /* LoginView.swift in Sources */,
				B818919A2BB4051B00A3C366 /* HomeViewController.swift in Sources */,
				B890685F2B95CB8B00DEECBD /* AppDelegate.swift in Sources */,
				B890688D2B99E38400DEECBD /* PrimaryTextField.swift in Sources */,
				B89068A42B99E71D00DEECBD /* UIFont.swift in Sources */,
				B89068822B99DE8600DEECBD /* RegisterViewController.swift in Sources */,
			);
			runOnlyForDeploymentPostprocessing = 0;
		};
/* End PBXSourcesBuildPhase section */

/* Begin PBXVariantGroup section */
		B89068692B95CB8E00DEECBD /* LaunchScreen.storyboard */ = {
			isa = PBXVariantGroup;
			children = (
				B890686A2B95CB8E00DEECBD /* Base */,
			);
			name = LaunchScreen.storyboard;
			sourceTree = "<group>";
		};
/* End PBXVariantGroup section */

/* Begin XCBuildConfiguration section */
		B890686D2B95CB8E00DEECBD /* Debug */ = {
			isa = XCBuildConfiguration;
			buildSettings = {
				ALWAYS_SEARCH_USER_PATHS = NO;
				ASSETCATALOG_COMPILER_GENERATE_SWIFT_ASSET_SYMBOL_EXTENSIONS = YES;
				CLANG_ANALYZER_NONNULL = YES;
				CLANG_ANALYZER_NUMBER_OBJECT_CONVERSION = YES_AGGRESSIVE;
				CLANG_CXX_LANGUAGE_STANDARD = "gnu++20";
				CLANG_ENABLE_MODULES = YES;
				CLANG_ENABLE_OBJC_ARC = YES;
				CLANG_ENABLE_OBJC_WEAK = YES;
				CLANG_WARN_BLOCK_CAPTURE_AUTORELEASING = YES;
				CLANG_WARN_BOOL_CONVERSION = YES;
				CLANG_WARN_COMMA = YES;
				CLANG_WARN_CONSTANT_CONVERSION = YES;
				CLANG_WARN_DEPRECATED_OBJC_IMPLEMENTATIONS = YES;
				CLANG_WARN_DIRECT_OBJC_ISA_USAGE = YES_ERROR;
				CLANG_WARN_DOCUMENTATION_COMMENTS = YES;
				CLANG_WARN_EMPTY_BODY = YES;
				CLANG_WARN_ENUM_CONVERSION = YES;
				CLANG_WARN_INFINITE_RECURSION = YES;
				CLANG_WARN_INT_CONVERSION = YES;
				CLANG_WARN_NON_LITERAL_NULL_CONVERSION = YES;
				CLANG_WARN_OBJC_IMPLICIT_RETAIN_SELF = YES;
				CLANG_WARN_OBJC_LITERAL_CONVERSION = YES;
				CLANG_WARN_OBJC_ROOT_CLASS = YES_ERROR;
				CLANG_WARN_QUOTED_INCLUDE_IN_FRAMEWORK_HEADER = YES;
				CLANG_WARN_RANGE_LOOP_ANALYSIS = YES;
				CLANG_WARN_STRICT_PROTOTYPES = YES;
				CLANG_WARN_SUSPICIOUS_MOVE = YES;
				CLANG_WARN_UNGUARDED_AVAILABILITY = YES_AGGRESSIVE;
				CLANG_WARN_UNREACHABLE_CODE = YES;
				CLANG_WARN__DUPLICATE_METHOD_MATCH = YES;
				COPY_PHASE_STRIP = NO;
				DEBUG_INFORMATION_FORMAT = dwarf;
				ENABLE_STRICT_OBJC_MSGSEND = YES;
				ENABLE_TESTABILITY = YES;
				ENABLE_USER_SCRIPT_SANDBOXING = YES;
				GCC_C_LANGUAGE_STANDARD = gnu17;
				GCC_DYNAMIC_NO_PIC = NO;
				GCC_NO_COMMON_BLOCKS = YES;
				GCC_OPTIMIZATION_LEVEL = 0;
				GCC_PREPROCESSOR_DEFINITIONS = (
					"DEBUG=1",
					"$(inherited)",
				);
				GCC_WARN_64_TO_32_BIT_CONVERSION = YES;
				GCC_WARN_ABOUT_RETURN_TYPE = YES_ERROR;
				GCC_WARN_UNDECLARED_SELECTOR = YES;
				GCC_WARN_UNINITIALIZED_AUTOS = YES_AGGRESSIVE;
				GCC_WARN_UNUSED_FUNCTION = YES;
				GCC_WARN_UNUSED_VARIABLE = YES;
				IPHONEOS_DEPLOYMENT_TARGET = 17.2;
				LOCALIZATION_PREFERS_STRING_CATALOGS = YES;
				MTL_ENABLE_DEBUG_INFO = INCLUDE_SOURCE;
				MTL_FAST_MATH = YES;
				ONLY_ACTIVE_ARCH = YES;
				SDKROOT = iphoneos;
				SWIFT_ACTIVE_COMPILATION_CONDITIONS = "DEBUG $(inherited)";
				SWIFT_OPTIMIZATION_LEVEL = "-Onone";
			};
			name = Debug;
		};
		B890686E2B95CB8E00DEECBD /* Release */ = {
			isa = XCBuildConfiguration;
			buildSettings = {
				ALWAYS_SEARCH_USER_PATHS = NO;
				ASSETCATALOG_COMPILER_GENERATE_SWIFT_ASSET_SYMBOL_EXTENSIONS = YES;
				CLANG_ANALYZER_NONNULL = YES;
				CLANG_ANALYZER_NUMBER_OBJECT_CONVERSION = YES_AGGRESSIVE;
				CLANG_CXX_LANGUAGE_STANDARD = "gnu++20";
				CLANG_ENABLE_MODULES = YES;
				CLANG_ENABLE_OBJC_ARC = YES;
				CLANG_ENABLE_OBJC_WEAK = YES;
				CLANG_WARN_BLOCK_CAPTURE_AUTORELEASING = YES;
				CLANG_WARN_BOOL_CONVERSION = YES;
				CLANG_WARN_COMMA = YES;
				CLANG_WARN_CONSTANT_CONVERSION = YES;
				CLANG_WARN_DEPRECATED_OBJC_IMPLEMENTATIONS = YES;
				CLANG_WARN_DIRECT_OBJC_ISA_USAGE = YES_ERROR;
				CLANG_WARN_DOCUMENTATION_COMMENTS = YES;
				CLANG_WARN_EMPTY_BODY = YES;
				CLANG_WARN_ENUM_CONVERSION = YES;
				CLANG_WARN_INFINITE_RECURSION = YES;
				CLANG_WARN_INT_CONVERSION = YES;
				CLANG_WARN_NON_LITERAL_NULL_CONVERSION = YES;
				CLANG_WARN_OBJC_IMPLICIT_RETAIN_SELF = YES;
				CLANG_WARN_OBJC_LITERAL_CONVERSION = YES;
				CLANG_WARN_OBJC_ROOT_CLASS = YES_ERROR;
				CLANG_WARN_QUOTED_INCLUDE_IN_FRAMEWORK_HEADER = YES;
				CLANG_WARN_RANGE_LOOP_ANALYSIS = YES;
				CLANG_WARN_STRICT_PROTOTYPES = YES;
				CLANG_WARN_SUSPICIOUS_MOVE = YES;
				CLANG_WARN_UNGUARDED_AVAILABILITY = YES_AGGRESSIVE;
				CLANG_WARN_UNREACHABLE_CODE = YES;
				CLANG_WARN__DUPLICATE_METHOD_MATCH = YES;
				COPY_PHASE_STRIP = NO;
				DEBUG_INFORMATION_FORMAT = "dwarf-with-dsym";
				ENABLE_NS_ASSERTIONS = NO;
				ENABLE_STRICT_OBJC_MSGSEND = YES;
				ENABLE_USER_SCRIPT_SANDBOXING = YES;
				GCC_C_LANGUAGE_STANDARD = gnu17;
				GCC_NO_COMMON_BLOCKS = YES;
				GCC_WARN_64_TO_32_BIT_CONVERSION = YES;
				GCC_WARN_ABOUT_RETURN_TYPE = YES_ERROR;
				GCC_WARN_UNDECLARED_SELECTOR = YES;
				GCC_WARN_UNINITIALIZED_AUTOS = YES_AGGRESSIVE;
				GCC_WARN_UNUSED_FUNCTION = YES;
				GCC_WARN_UNUSED_VARIABLE = YES;
				IPHONEOS_DEPLOYMENT_TARGET = 17.2;
				LOCALIZATION_PREFERS_STRING_CATALOGS = YES;
				MTL_ENABLE_DEBUG_INFO = NO;
				MTL_FAST_MATH = YES;
				SDKROOT = iphoneos;
				SWIFT_COMPILATION_MODE = wholemodule;
				VALIDATE_PRODUCT = YES;
			};
			name = Release;
		};
		B89068702B95CB8E00DEECBD /* Debug */ = {
			isa = XCBuildConfiguration;
			buildSettings = {
				ASSETCATALOG_COMPILER_APPICON_NAME = AppIcon;
				ASSETCATALOG_COMPILER_GLOBAL_ACCENT_COLOR_NAME = AccentColor;
				CODE_SIGN_STYLE = Automatic;
				CURRENT_PROJECT_VERSION = 1;
				DEVELOPMENT_TEAM = Z8VL4FLQJ7;
				GENERATE_INFOPLIST_FILE = YES;
				INFOPLIST_FILE = LorbyAuthApp/Info.plist;
				INFOPLIST_KEY_UIApplicationSupportsIndirectInputEvents = YES;
				INFOPLIST_KEY_UILaunchStoryboardName = LaunchScreen;
				INFOPLIST_KEY_UISupportedInterfaceOrientations_iPad = "UIInterfaceOrientationPortrait UIInterfaceOrientationPortraitUpsideDown UIInterfaceOrientationLandscapeLeft UIInterfaceOrientationLandscapeRight";
				INFOPLIST_KEY_UISupportedInterfaceOrientations_iPhone = "UIInterfaceOrientationPortrait UIInterfaceOrientationLandscapeLeft UIInterfaceOrientationLandscapeRight";
				LD_RUNPATH_SEARCH_PATHS = (
					"$(inherited)",
					"@executable_path/Frameworks",
				);
				MARKETING_VERSION = 1.0;
				PRODUCT_BUNDLE_IDENTIFIER = com.sturdytea.LorbyAuthApp;
				PRODUCT_NAME = "$(TARGET_NAME)";
				SWIFT_EMIT_LOC_STRINGS = YES;
				SWIFT_VERSION = 5.0;
				TARGETED_DEVICE_FAMILY = "1,2";
			};
			name = Debug;
		};
		B89068712B95CB8E00DEECBD /* Release */ = {
			isa = XCBuildConfiguration;
			buildSettings = {
				ASSETCATALOG_COMPILER_APPICON_NAME = AppIcon;
				ASSETCATALOG_COMPILER_GLOBAL_ACCENT_COLOR_NAME = AccentColor;
				CODE_SIGN_STYLE = Automatic;
				CURRENT_PROJECT_VERSION = 1;
				DEVELOPMENT_TEAM = Z8VL4FLQJ7;
				GENERATE_INFOPLIST_FILE = YES;
				INFOPLIST_FILE = LorbyAuthApp/Info.plist;
				INFOPLIST_KEY_UIApplicationSupportsIndirectInputEvents = YES;
				INFOPLIST_KEY_UILaunchStoryboardName = LaunchScreen;
				INFOPLIST_KEY_UISupportedInterfaceOrientations_iPad = "UIInterfaceOrientationPortrait UIInterfaceOrientationPortraitUpsideDown UIInterfaceOrientationLandscapeLeft UIInterfaceOrientationLandscapeRight";
				INFOPLIST_KEY_UISupportedInterfaceOrientations_iPhone = "UIInterfaceOrientationPortrait UIInterfaceOrientationLandscapeLeft UIInterfaceOrientationLandscapeRight";
				LD_RUNPATH_SEARCH_PATHS = (
					"$(inherited)",
					"@executable_path/Frameworks",
				);
				MARKETING_VERSION = 1.0;
				PRODUCT_BUNDLE_IDENTIFIER = com.sturdytea.LorbyAuthApp;
				PRODUCT_NAME = "$(TARGET_NAME)";
				SWIFT_EMIT_LOC_STRINGS = YES;
				SWIFT_VERSION = 5.0;
				TARGETED_DEVICE_FAMILY = "1,2";
			};
			name = Release;
		};
/* End XCBuildConfiguration section */

/* Begin XCConfigurationList section */
		B89068562B95CB8B00DEECBD /* Build configuration list for PBXProject "LorbyAuthApp" */ = {
			isa = XCConfigurationList;
			buildConfigurations = (
				B890686D2B95CB8E00DEECBD /* Debug */,
				B890686E2B95CB8E00DEECBD /* Release */,
			);
			defaultConfigurationIsVisible = 0;
			defaultConfigurationName = Release;
		};
		B890686F2B95CB8E00DEECBD /* Build configuration list for PBXNativeTarget "LorbyAuthApp" */ = {
			isa = XCConfigurationList;
			buildConfigurations = (
				B89068702B95CB8E00DEECBD /* Debug */,
				B89068712B95CB8E00DEECBD /* Release */,
			);
			defaultConfigurationIsVisible = 0;
			defaultConfigurationName = Release;
		};
/* End XCConfigurationList section */

/* Begin XCRemoteSwiftPackageReference section */
		B8A47FFB2BE6254A00FF8DF0 /* XCRemoteSwiftPackageReference "firebase-ios-sdk" */ = {
			isa = XCRemoteSwiftPackageReference;
			repositoryURL = "https://github.com/firebase/firebase-ios-sdk";
			requirement = {
				kind = upToNextMajorVersion;
				minimumVersion = 10.25.0;
			};
		};
/* End XCRemoteSwiftPackageReference section */

/* Begin XCSwiftPackageProductDependency section */
		B8A47FFC2BE6254A00FF8DF0 /* FirebaseAnalytics */ = {
			isa = XCSwiftPackageProductDependency;
			package = B8A47FFB2BE6254A00FF8DF0 /* XCRemoteSwiftPackageReference "firebase-ios-sdk" */;
			productName = FirebaseAnalytics;
		};
		B8A47FFE2BE6254A00FF8DF0 /* FirebaseAnalyticsOnDeviceConversion */ = {
			isa = XCSwiftPackageProductDependency;
			package = B8A47FFB2BE6254A00FF8DF0 /* XCRemoteSwiftPackageReference "firebase-ios-sdk" */;
			productName = FirebaseAnalyticsOnDeviceConversion;
		};
		B8A480002BE6254A00FF8DF0 /* FirebaseAnalyticsSwift */ = {
			isa = XCSwiftPackageProductDependency;
			package = B8A47FFB2BE6254A00FF8DF0 /* XCRemoteSwiftPackageReference "firebase-ios-sdk" */;
			productName = FirebaseAnalyticsSwift;
		};
		B8A480022BE6254A00FF8DF0 /* FirebaseAnalyticsWithoutAdIdSupport */ = {
			isa = XCSwiftPackageProductDependency;
			package = B8A47FFB2BE6254A00FF8DF0 /* XCRemoteSwiftPackageReference "firebase-ios-sdk" */;
			productName = FirebaseAnalyticsWithoutAdIdSupport;
		};
		B8A480042BE6254A00FF8DF0 /* FirebaseAppCheck */ = {
			isa = XCSwiftPackageProductDependency;
			package = B8A47FFB2BE6254A00FF8DF0 /* XCRemoteSwiftPackageReference "firebase-ios-sdk" */;
			productName = FirebaseAppCheck;
		};
		B8A480082BE63C4D00FF8DF0 /* FirebaseAnalytics */ = {
			isa = XCSwiftPackageProductDependency;
			package = B8A47FFB2BE6254A00FF8DF0 /* XCRemoteSwiftPackageReference "firebase-ios-sdk" */;
			productName = FirebaseAnalytics;
		};
		B8A4800A2BE63C4D00FF8DF0 /* FirebaseAnalyticsOnDeviceConversion */ = {
			isa = XCSwiftPackageProductDependency;
			package = B8A47FFB2BE6254A00FF8DF0 /* XCRemoteSwiftPackageReference "firebase-ios-sdk" */;
			productName = FirebaseAnalyticsOnDeviceConversion;
		};
		B8A4800C2BE63C4D00FF8DF0 /* FirebaseAnalyticsSwift */ = {
			isa = XCSwiftPackageProductDependency;
			package = B8A47FFB2BE6254A00FF8DF0 /* XCRemoteSwiftPackageReference "firebase-ios-sdk" */;
			productName = FirebaseAnalyticsSwift;
		};
		B8A4800E2BE63C4D00FF8DF0 /* FirebaseAnalyticsWithoutAdIdSupport */ = {
			isa = XCSwiftPackageProductDependency;
			package = B8A47FFB2BE6254A00FF8DF0 /* XCRemoteSwiftPackageReference "firebase-ios-sdk" */;
			productName = FirebaseAnalyticsWithoutAdIdSupport;
		};
		B8A480102BE63C4D00FF8DF0 /* FirebaseAppCheck */ = {
			isa = XCSwiftPackageProductDependency;
			package = B8A47FFB2BE6254A00FF8DF0 /* XCRemoteSwiftPackageReference "firebase-ios-sdk" */;
			productName = FirebaseAppCheck;
		};
		B8A480122BE63C4D00FF8DF0 /* FirebaseAppDistribution-Beta */ = {
			isa = XCSwiftPackageProductDependency;
			package = B8A47FFB2BE6254A00FF8DF0 /* XCRemoteSwiftPackageReference "firebase-ios-sdk" */;
			productName = "FirebaseAppDistribution-Beta";
		};
		B8A480142BE63C4D00FF8DF0 /* FirebaseAuth */ = {
			isa = XCSwiftPackageProductDependency;
			package = B8A47FFB2BE6254A00FF8DF0 /* XCRemoteSwiftPackageReference "firebase-ios-sdk" */;
			productName = FirebaseAuth;
		};
		B8A480162BE63C4D00FF8DF0 /* FirebaseAuthCombine-Community */ = {
			isa = XCSwiftPackageProductDependency;
			package = B8A47FFB2BE6254A00FF8DF0 /* XCRemoteSwiftPackageReference "firebase-ios-sdk" */;
			productName = "FirebaseAuthCombine-Community";
		};
		B8A480182BE63C4D00FF8DF0 /* FirebaseCrashlytics */ = {
			isa = XCSwiftPackageProductDependency;
			package = B8A47FFB2BE6254A00FF8DF0 /* XCRemoteSwiftPackageReference "firebase-ios-sdk" */;
			productName = FirebaseCrashlytics;
		};
		B8A4801A2BE63C4D00FF8DF0 /* FirebaseDatabase */ = {
			isa = XCSwiftPackageProductDependency;
			package = B8A47FFB2BE6254A00FF8DF0 /* XCRemoteSwiftPackageReference "firebase-ios-sdk" */;
			productName = FirebaseDatabase;
		};
		B8A4801C2BE63C4D00FF8DF0 /* FirebaseDatabaseSwift */ = {
			isa = XCSwiftPackageProductDependency;
			package = B8A47FFB2BE6254A00FF8DF0 /* XCRemoteSwiftPackageReference "firebase-ios-sdk" */;
			productName = FirebaseDatabaseSwift;
		};
		B8A4801E2BE63C4D00FF8DF0 /* FirebaseDynamicLinks */ = {
			isa = XCSwiftPackageProductDependency;
			package = B8A47FFB2BE6254A00FF8DF0 /* XCRemoteSwiftPackageReference "firebase-ios-sdk" */;
			productName = FirebaseDynamicLinks;
		};
		B8A480202BE63C4D00FF8DF0 /* FirebaseFirestore */ = {
			isa = XCSwiftPackageProductDependency;
			package = B8A47FFB2BE6254A00FF8DF0 /* XCRemoteSwiftPackageReference "firebase-ios-sdk" */;
			productName = FirebaseFirestore;
		};
		B8A480222BE63C4D00FF8DF0 /* FirebaseFirestoreCombine-Community */ = {
			isa = XCSwiftPackageProductDependency;
			package = B8A47FFB2BE6254A00FF8DF0 /* XCRemoteSwiftPackageReference "firebase-ios-sdk" */;
			productName = "FirebaseFirestoreCombine-Community";
		};
		B8A480242BE63C4D00FF8DF0 /* FirebaseFirestoreSwift */ = {
			isa = XCSwiftPackageProductDependency;
			package = B8A47FFB2BE6254A00FF8DF0 /* XCRemoteSwiftPackageReference "firebase-ios-sdk" */;
			productName = FirebaseFirestoreSwift;
		};
		B8A480262BE63C4D00FF8DF0 /* FirebaseFunctions */ = {
			isa = XCSwiftPackageProductDependency;
			package = B8A47FFB2BE6254A00FF8DF0 /* XCRemoteSwiftPackageReference "firebase-ios-sdk" */;
			productName = FirebaseFunctions;
		};
		B8A480282BE63C4D00FF8DF0 /* FirebaseFunctionsCombine-Community */ = {
			isa = XCSwiftPackageProductDependency;
			package = B8A47FFB2BE6254A00FF8DF0 /* XCRemoteSwiftPackageReference "firebase-ios-sdk" */;
			productName = "FirebaseFunctionsCombine-Community";
		};
/* End XCSwiftPackageProductDependency section */
	};
	rootObject = B89068532B95CB8B00DEECBD /* Project object */;
}
